// !$*UTF8*$!
{
	archiveVersion = 1;
	classes = {
	};
	objectVersion = 56;
	objects = {

/* Begin PBXBuildFile section */
		0027974A2CAEBD38001DCFED /* MySwiftUIPokedexApp.swift in Sources */ = {isa = PBXBuildFile; fileRef = 002797492CAEBD38001DCFED /* MySwiftUIPokedexApp.swift */; };
		0027974C2CAEBD38001DCFED /* ContentView.swift in Sources */ = {isa = PBXBuildFile; fileRef = 0027974B2CAEBD38001DCFED /* ContentView.swift */; };
		0027974E2CAEBD39001DCFED /* Assets.xcassets in Resources */ = {isa = PBXBuildFile; fileRef = 0027974D2CAEBD39001DCFED /* Assets.xcassets */; };
		002797512CAEBD39001DCFED /* Preview Assets.xcassets in Resources */ = {isa = PBXBuildFile; fileRef = 002797502CAEBD39001DCFED /* Preview Assets.xcassets */; };
		002797582CAEBD56001DCFED /* pokemons.json in Resources */ = {isa = PBXBuildFile; fileRef = 002797572CAEBD56001DCFED /* pokemons.json */; };
		0027975A2CAEC3A4001DCFED /* PokemonListView.swift in Sources */ = {isa = PBXBuildFile; fileRef = 002797592CAEC3A4001DCFED /* PokemonListView.swift */; };
		0027975D2CAEC3E4001DCFED /* ApiManager.swift in Sources */ = {isa = PBXBuildFile; fileRef = 0027975C2CAEC3E4001DCFED /* ApiManager.swift */; };
		002797602CAEC419001DCFED /* Pokemon.swift in Sources */ = {isa = PBXBuildFile; fileRef = 0027975F2CAEC419001DCFED /* Pokemon.swift */; };
		002797632CAEC51E001DCFED /* Extensions.swift in Sources */ = {isa = PBXBuildFile; fileRef = 002797622CAEC51E001DCFED /* Extensions.swift */; };
/* End PBXBuildFile section */

/* Begin PBXFileReference section */
		002797462CAEBD38001DCFED /* MySwiftUIPokedex.app */ = {isa = PBXFileReference; explicitFileType = wrapper.application; includeInIndex = 0; path = MySwiftUIPokedex.app; sourceTree = BUILT_PRODUCTS_DIR; };
		002797492CAEBD38001DCFED /* MySwiftUIPokedexApp.swift */ = {isa = PBXFileReference; lastKnownFileType = sourcecode.swift; path = MySwiftUIPokedexApp.swift; sourceTree = "<group>"; };
		0027974B2CAEBD38001DCFED /* ContentView.swift */ = {isa = PBXFileReference; lastKnownFileType = sourcecode.swift; path = ContentView.swift; sourceTree = "<group>"; };
		0027974D2CAEBD39001DCFED /* Assets.xcassets */ = {isa = PBXFileReference; lastKnownFileType = folder.assetcatalog; path = Assets.xcassets; sourceTree = "<group>"; };
		002797502CAEBD39001DCFED /* Preview Assets.xcassets */ = {isa = PBXFileReference; lastKnownFileType = folder.assetcatalog; path = "Preview Assets.xcassets"; sourceTree = "<group>"; };
		002797572CAEBD56001DCFED /* pokemons.json */ = {isa = PBXFileReference; fileEncoding = 4; lastKnownFileType = text.json; path = pokemons.json; sourceTree = "<group>"; };
		002797592CAEC3A4001DCFED /* PokemonListView.swift */ = {isa = PBXFileReference; lastKnownFileType = sourcecode.swift; path = PokemonListView.swift; sourceTree = "<group>"; };
		0027975C2CAEC3E4001DCFED /* ApiManager.swift */ = {isa = PBXFileReference; lastKnownFileType = sourcecode.swift; path = ApiManager.swift; sourceTree = "<group>"; };
		0027975F2CAEC419001DCFED /* Pokemon.swift */ = {isa = PBXFileReference; lastKnownFileType = sourcecode.swift; path = Pokemon.swift; sourceTree = "<group>"; };
		002797622CAEC51E001DCFED /* Extensions.swift */ = {isa = PBXFileReference; lastKnownFileType = sourcecode.swift; path = Extensions.swift; sourceTree = "<group>"; };
/* End PBXFileReference section */

/* Begin PBXFrameworksBuildPhase section */
		002797432CAEBD38001DCFED /* Frameworks */ = {
			isa = PBXFrameworksBuildPhase;
			buildActionMask = 2147483647;
			files = (
			);
			runOnlyForDeploymentPostprocessing = 0;
		};
/* End PBXFrameworksBuildPhase section */

/* Begin PBXGroup section */
		0027973D2CAEBD38001DCFED = {
			isa = PBXGroup;
			children = (
				002797482CAEBD38001DCFED /* MySwiftUIPokedex */,
				002797472CAEBD38001DCFED /* Products */,
			);
			sourceTree = "<group>";
		};
		002797472CAEBD38001DCFED /* Products */ = {
			isa = PBXGroup;
			children = (
				002797462CAEBD38001DCFED /* MySwiftUIPokedex.app */,
			);
			name = Products;
			sourceTree = "<group>";
		};
		002797482CAEBD38001DCFED /* MySwiftUIPokedex */ = {
			isa = PBXGroup;
			children = (
				002797642CAEC586001DCFED /* Pokedex */,
				0027975E2CAEC3F2001DCFED /* Helpers */,
				0027974B2CAEBD38001DCFED /* ContentView.swift */,
				002797492CAEBD38001DCFED /* MySwiftUIPokedexApp.swift */,
				0027974D2CAEBD39001DCFED /* Assets.xcassets */,
				0027974F2CAEBD39001DCFED /* Preview Content */,
			);
			path = MySwiftUIPokedex;
			sourceTree = "<group>";
		};
		0027974F2CAEBD39001DCFED /* Preview Content */ = {
			isa = PBXGroup;
			children = (
				002797502CAEBD39001DCFED /* Preview Assets.xcassets */,
			);
			path = "Preview Content";
			sourceTree = "<group>";
		};
		0027975B2CAEC3C7001DCFED /* Manager */ = {
			isa = PBXGroup;
			children = (
				0027975C2CAEC3E4001DCFED /* ApiManager.swift */,
			);
			name = Manager;
			sourceTree = "<group>";
		};
		0027975E2CAEC3F2001DCFED /* Helpers */ = {
			isa = PBXGroup;
			children = (
				002797622CAEC51E001DCFED /* Extensions.swift */,
			);
			name = Helpers;
			sourceTree = "<group>";
		};
		002797612CAEC4FC001DCFED /* Model */ = {
			isa = PBXGroup;
			children = (
				0027975F2CAEC419001DCFED /* Pokemon.swift */,
			);
			name = Model;
			sourceTree = "<group>";
		};
		002797642CAEC586001DCFED /* Pokedex */ = {
			isa = PBXGroup;
			children = (
				002797572CAEBD56001DCFED /* pokemons.json */,
				002797592CAEC3A4001DCFED /* PokemonListView.swift */,
				0027975B2CAEC3C7001DCFED /* Manager */,
				002797612CAEC4FC001DCFED /* Model */,
			);
			name = Pokedex;
			sourceTree = "<group>";
		};
/* End PBXGroup section */

/* Begin PBXNativeTarget section */
		002797452CAEBD38001DCFED /* MySwiftUIPokedex */ = {
			isa = PBXNativeTarget;
			buildConfigurationList = 002797542CAEBD39001DCFED /* Build configuration list for PBXNativeTarget "MySwiftUIPokedex" */;
			buildPhases = (
				002797422CAEBD38001DCFED /* Sources */,
				002797432CAEBD38001DCFED /* Frameworks */,
				002797442CAEBD38001DCFED /* Resources */,
			);
			buildRules = (
			);
			dependencies = (
			);
			name = MySwiftUIPokedex;
			productName = MySwiftUIPokedex;
			productReference = 002797462CAEBD38001DCFED /* MySwiftUIPokedex.app */;
			productType = "com.apple.product-type.application";
		};
/* End PBXNativeTarget section */

/* Begin PBXProject section */
		0027973E2CAEBD38001DCFED /* Project object */ = {
			isa = PBXProject;
			attributes = {
				BuildIndependentTargetsInParallel = 1;
				LastSwiftUpdateCheck = 1540;
				LastUpgradeCheck = 1540;
				TargetAttributes = {
					002797452CAEBD38001DCFED = {
						CreatedOnToolsVersion = 15.4;
					};
				};
			};
			buildConfigurationList = 002797412CAEBD38001DCFED /* Build configuration list for PBXProject "MySwiftUIPokedex" */;
			compatibilityVersion = "Xcode 14.0";
			developmentRegion = en;
			hasScannedForEncodings = 0;
			knownRegions = (
				en,
				Base,
			);
			mainGroup = 0027973D2CAEBD38001DCFED;
			productRefGroup = 002797472CAEBD38001DCFED /* Products */;
			projectDirPath = "";
			projectRoot = "";
			targets = (
				002797452CAEBD38001DCFED /* MySwiftUIPokedex */,
			);
		};
/* End PBXProject section */

/* Begin PBXResourcesBuildPhase section */
		002797442CAEBD38001DCFED /* Resources */ = {
			isa = PBXResourcesBuildPhase;
			buildActionMask = 2147483647;
			files = (
				002797582CAEBD56001DCFED /* pokemons.json in Resources */,
				002797512CAEBD39001DCFED /* Preview Assets.xcassets in Resources */,
				0027974E2CAEBD39001DCFED /* Assets.xcassets in Resources */,
			);
			runOnlyForDeploymentPostprocessing = 0;
		};
/* End PBXResourcesBuildPhase section */

/* Begin PBXSourcesBuildPhase section */
		002797422CAEBD38001DCFED /* Sources */ = {
			isa = PBXSourcesBuildPhase;
			buildActionMask = 2147483647;
			files = (
				002797602CAEC419001DCFED /* Pokemon.swift in Sources */,
				002797632CAEC51E001DCFED /* Extensions.swift in Sources */,
				0027975D2CAEC3E4001DCFED /* ApiManager.swift in Sources */,
				0027974C2CAEBD38001DCFED /* ContentView.swift in Sources */,
				0027975A2CAEC3A4001DCFED /* PokemonListView.swift in Sources */,
				0027974A2CAEBD38001DCFED /* MySwiftUIPokedexApp.swift in Sources */,
			);
			runOnlyForDeploymentPostprocessing = 0;
		};
/* End PBXSourcesBuildPhase section */

/* Begin XCBuildConfiguration section */
		002797522CAEBD39001DCFED /* Debug */ = {
			isa = XCBuildConfiguration;
			buildSettings = {
				ALWAYS_SEARCH_USER_PATHS = NO;
				ASSETCATALOG_COMPILER_GENERATE_SWIFT_ASSET_SYMBOL_EXTENSIONS = YES;
				CLANG_ANALYZER_NONNULL = YES;
				CLANG_ANALYZER_NUMBER_OBJECT_CONVERSION = YES_AGGRESSIVE;
				CLANG_CXX_LANGUAGE_STANDARD = "gnu++20";
				CLANG_ENABLE_MODULES = YES;
				CLANG_ENABLE_OBJC_ARC = YES;
				CLANG_ENABLE_OBJC_WEAK = YES;
				CLANG_WARN_BLOCK_CAPTURE_AUTORELEASING = YES;
				CLANG_WARN_BOOL_CONVERSION = YES;
				CLANG_WARN_COMMA = YES;
				CLANG_WARN_CONSTANT_CONVERSION = YES;
				CLANG_WARN_DEPRECATED_OBJC_IMPLEMENTATIONS = YES;
				CLANG_WARN_DIRECT_OBJC_ISA_USAGE = YES_ERROR;
				CLANG_WARN_DOCUMENTATION_COMMENTS = YES;
				CLANG_WARN_EMPTY_BODY = YES;
				CLANG_WARN_ENUM_CONVERSION = YES;
				CLANG_WARN_INFINITE_RECURSION = YES;
				CLANG_WARN_INT_CONVERSION = YES;
				CLANG_WARN_NON_LITERAL_NULL_CONVERSION = YES;
				CLANG_WARN_OBJC_IMPLICIT_RETAIN_SELF = YES;
				CLANG_WARN_OBJC_LITERAL_CONVERSION = YES;
				CLANG_WARN_OBJC_ROOT_CLASS = YES_ERROR;
				CLANG_WARN_QUOTED_INCLUDE_IN_FRAMEWORK_HEADER = YES;
				CLANG_WARN_RANGE_LOOP_ANALYSIS = YES;
				CLANG_WARN_STRICT_PROTOTYPES = YES;
				CLANG_WARN_SUSPICIOUS_MOVE = YES;
				CLANG_WARN_UNGUARDED_AVAILABILITY = YES_AGGRESSIVE;
				CLANG_WARN_UNREACHABLE_CODE = YES;
				CLANG_WARN__DUPLICATE_METHOD_MATCH = YES;
				COPY_PHASE_STRIP = NO;
				DEBUG_INFORMATION_FORMAT = dwarf;
				ENABLE_STRICT_OBJC_MSGSEND = YES;
				ENABLE_TESTABILITY = YES;
				ENABLE_USER_SCRIPT_SANDBOXING = YES;
				GCC_C_LANGUAGE_STANDARD = gnu17;
				GCC_DYNAMIC_NO_PIC = NO;
				GCC_NO_COMMON_BLOCKS = YES;
				GCC_OPTIMIZATION_LEVEL = 0;
				GCC_PREPROCESSOR_DEFINITIONS = (
					"DEBUG=1",
					"$(inherited)",
				);
				GCC_WARN_64_TO_32_BIT_CONVERSION = YES;
				GCC_WARN_ABOUT_RETURN_TYPE = YES_ERROR;
				GCC_WARN_UNDECLARED_SELECTOR = YES;
				GCC_WARN_UNINITIALIZED_AUTOS = YES_AGGRESSIVE;
				GCC_WARN_UNUSED_FUNCTION = YES;
				GCC_WARN_UNUSED_VARIABLE = YES;
				IPHONEOS_DEPLOYMENT_TARGET = 17.5;
				LOCALIZATION_PREFERS_STRING_CATALOGS = YES;
				MTL_ENABLE_DEBUG_INFO = INCLUDE_SOURCE;
				MTL_FAST_MATH = YES;
				ONLY_ACTIVE_ARCH = YES;
				SDKROOT = iphoneos;
				SWIFT_ACTIVE_COMPILATION_CONDITIONS = "DEBUG $(inherited)";
				SWIFT_OPTIMIZATION_LEVEL = "-Onone";
			};
			name = Debug;
		};
		002797532CAEBD39001DCFED /* Release */ = {
			isa = XCBuildConfiguration;
			buildSettings = {
				ALWAYS_SEARCH_USER_PATHS = NO;
				ASSETCATALOG_COMPILER_GENERATE_SWIFT_ASSET_SYMBOL_EXTENSIONS = YES;
				CLANG_ANALYZER_NONNULL = YES;
				CLANG_ANALYZER_NUMBER_OBJECT_CONVERSION = YES_AGGRESSIVE;
				CLANG_CXX_LANGUAGE_STANDARD = "gnu++20";
				CLANG_ENABLE_MODULES = YES;
				CLANG_ENABLE_OBJC_ARC = YES;
				CLANG_ENABLE_OBJC_WEAK = YES;
				CLANG_WARN_BLOCK_CAPTURE_AUTORELEASING = YES;
				CLANG_WARN_BOOL_CONVERSION = YES;
				CLANG_WARN_COMMA = YES;
				CLANG_WARN_CONSTANT_CONVERSION = YES;
				CLANG_WARN_DEPRECATED_OBJC_IMPLEMENTATIONS = YES;
				CLANG_WARN_DIRECT_OBJC_ISA_USAGE = YES_ERROR;
				CLANG_WARN_DOCUMENTATION_COMMENTS = YES;
				CLANG_WARN_EMPTY_BODY = YES;
				CLANG_WARN_ENUM_CONVERSION = YES;
				CLANG_WARN_INFINITE_RECURSION = YES;
				CLANG_WARN_INT_CONVERSION = YES;
				CLANG_WARN_NON_LITERAL_NULL_CONVERSION = YES;
				CLANG_WARN_OBJC_IMPLICIT_RETAIN_SELF = YES;
				CLANG_WARN_OBJC_LITERAL_CONVERSION = YES;
				CLANG_WARN_OBJC_ROOT_CLASS = YES_ERROR;
				CLANG_WARN_QUOTED_INCLUDE_IN_FRAMEWORK_HEADER = YES;
				CLANG_WARN_RANGE_LOOP_ANALYSIS = YES;
				CLANG_WARN_STRICT_PROTOTYPES = YES;
				CLANG_WARN_SUSPICIOUS_MOVE = YES;
				CLANG_WARN_UNGUARDED_AVAILABILITY = YES_AGGRESSIVE;
				CLANG_WARN_UNREACHABLE_CODE = YES;
				CLANG_WARN__DUPLICATE_METHOD_MATCH = YES;
				COPY_PHASE_STRIP = NO;
				DEBUG_INFORMATION_FORMAT = "dwarf-with-dsym";
				ENABLE_NS_ASSERTIONS = NO;
				ENABLE_STRICT_OBJC_MSGSEND = YES;
				ENABLE_USER_SCRIPT_SANDBOXING = YES;
				GCC_C_LANGUAGE_STANDARD = gnu17;
				GCC_NO_COMMON_BLOCKS = YES;
				GCC_WARN_64_TO_32_BIT_CONVERSION = YES;
				GCC_WARN_ABOUT_RETURN_TYPE = YES_ERROR;
				GCC_WARN_UNDECLARED_SELECTOR = YES;
				GCC_WARN_UNINITIALIZED_AUTOS = YES_AGGRESSIVE;
				GCC_WARN_UNUSED_FUNCTION = YES;
				GCC_WARN_UNUSED_VARIABLE = YES;
				IPHONEOS_DEPLOYMENT_TARGET = 17.5;
				LOCALIZATION_PREFERS_STRING_CATALOGS = YES;
				MTL_ENABLE_DEBUG_INFO = NO;
				MTL_FAST_MATH = YES;
				SDKROOT = iphoneos;
				SWIFT_COMPILATION_MODE = wholemodule;
				VALIDATE_PRODUCT = YES;
			};
			name = Release;
		};
		002797552CAEBD39001DCFED /* Debug */ = {
			isa = XCBuildConfiguration;
			buildSettings = {
				ASSETCATALOG_COMPILER_APPICON_NAME = AppIcon;
				ASSETCATALOG_COMPILER_GLOBAL_ACCENT_COLOR_NAME = AccentColor;
				CODE_SIGN_STYLE = Automatic;
				CURRENT_PROJECT_VERSION = 1;
				DEVELOPMENT_ASSET_PATHS = "\"MySwiftUIPokedex/Preview Content\"";
				ENABLE_PREVIEWS = YES;
				GENERATE_INFOPLIST_FILE = YES;
				INFOPLIST_FILE = MySwiftUIPokedex/Info.plist;
				INFOPLIST_KEY_UIApplicationSceneManifest_Generation = YES;
				INFOPLIST_KEY_UIApplicationSupportsIndirectInputEvents = YES;
				INFOPLIST_KEY_UILaunchScreen_Generation = YES;
				INFOPLIST_KEY_UISupportedInterfaceOrientations_iPad = "UIInterfaceOrientationPortrait UIInterfaceOrientationPortraitUpsideDown UIInterfaceOrientationLandscapeLeft UIInterfaceOrientationLandscapeRight";
				INFOPLIST_KEY_UISupportedInterfaceOrientations_iPhone = "UIInterfaceOrientationPortrait UIInterfaceOrientationLandscapeLeft UIInterfaceOrientationLandscapeRight";
				LD_RUNPATH_SEARCH_PATHS = (
					"$(inherited)",
					"@executable_path/Frameworks",
				);
				MARKETING_VERSION = 1.0;
				PRODUCT_BUNDLE_IDENTIFIER = com.patri.MySwiftUIPokedex;
				PRODUCT_NAME = "$(TARGET_NAME)";
				SWIFT_EMIT_LOC_STRINGS = YES;
				SWIFT_VERSION = 5.0;
				TARGETED_DEVICE_FAMILY = "1,2";
			};
			name = Debug;
		};
		002797562CAEBD39001DCFED /* Release */ = {
			isa = XCBuildConfiguration;
			buildSettings = {
				ASSETCATALOG_COMPILER_APPICON_NAME = AppIcon;
				ASSETCATALOG_COMPILER_GLOBAL_ACCENT_COLOR_NAME = AccentColor;
				CODE_SIGN_STYLE = Automatic;
				CURRENT_PROJECT_VERSION = 1;
				DEVELOPMENT_ASSET_PATHS = "\"MySwiftUIPokedex/Preview Content\"";
				ENABLE_PREVIEWS = YES;
				GENERATE_INFOPLIST_FILE = YES;
				INFOPLIST_FILE = MySwiftUIPokedex/Info.plist;
				INFOPLIST_KEY_UIApplicationSceneManifest_Generation = YES;
				INFOPLIST_KEY_UIApplicationSupportsIndirectInputEvents = YES;
				INFOPLIST_KEY_UILaunchScreen_Generation = YES;
				INFOPLIST_KEY_UISupportedInterfaceOrientations_iPad = "UIInterfaceOrientationPortrait UIInterfaceOrientationPortraitUpsideDown UIInterfaceOrientationLandscapeLeft UIInterfaceOrientationLandscapeRight";
				INFOPLIST_KEY_UISupportedInterfaceOrientations_iPhone = "UIInterfaceOrientationPortrait UIInterfaceOrientationLandscapeLeft UIInterfaceOrientationLandscapeRight";
				LD_RUNPATH_SEARCH_PATHS = (
					"$(inherited)",
					"@executable_path/Frameworks",
				);
				MARKETING_VERSION = 1.0;
				PRODUCT_BUNDLE_IDENTIFIER = com.patri.MySwiftUIPokedex;
				PRODUCT_NAME = "$(TARGET_NAME)";
				SWIFT_EMIT_LOC_STRINGS = YES;
				SWIFT_VERSION = 5.0;
				TARGETED_DEVICE_FAMILY = "1,2";
			};
			name = Release;
		};
/* End XCBuildConfiguration section */

/* Begin XCConfigurationList section */
		002797412CAEBD38001DCFED /* Build configuration list for PBXProject "MySwiftUIPokedex" */ = {
			isa = XCConfigurationList;
			buildConfigurations = (
				002797522CAEBD39001DCFED /* Debug */,
				002797532CAEBD39001DCFED /* Release */,
			);
			defaultConfigurationIsVisible = 0;
			defaultConfigurationName = Release;
		};
		002797542CAEBD39001DCFED /* Build configuration list for PBXNativeTarget "MySwiftUIPokedex" */ = {
			isa = XCConfigurationList;
			buildConfigurations = (
				002797552CAEBD39001DCFED /* Debug */,
				002797562CAEBD39001DCFED /* Release */,
			);
			defaultConfigurationIsVisible = 0;
			defaultConfigurationName = Release;
		};
/* End XCConfigurationList section */
	};
	rootObject = 0027973E2CAEBD38001DCFED /* Project object */;
}
